
Microsoft Visual Studio Solution File, Format Version 12.00
# Visual Studio Version 17
VisualStudioVersion = 17.11.35222.181
MinimumVisualStudioVersion = 10.0.40219.1
Project("{FAE04EC0-301F-11D3-BF4B-00C04F79EFBC}") = "miselTestDemo", "miselTestDemo.csproj", "{3F61883A-3194-4656-9792-736926EBB2EE}"
EndProject
Global
	GlobalSection(SolutionConfigurationPlatforms) = preSolution
		Debug|Any CPU = Debug|Any CPU
		Release|Any CPU = Release|Any CPU
	EndGlobalSection
	GlobalSection(ProjectConfigurationPlatforms) = postSolution
		{3F61883A-3194-4656-9792-736926EBB2EE}.Debug|Any CPU.ActiveCfg = Debug|Any CPU
		{3F61883A-3194-4656-9792-736926EBB2EE}.Debug|Any CPU.Build.0 = Debug|Any CPU
		{3F61883A-3194-4656-9792-736926EBB2EE}.Release|Any CPU.ActiveCfg = Release|Any CPU
		{3F61883A-3194-4656-9792-736926EBB2EE}.Release|Any CPU.Build.0 = Release|Any CPU
	EndGlobalSection
	GlobalSection(SolutionProperties) = preSolution
		HideSolutionNode = FALSE
	EndGlobalSection
	GlobalSection(ExtensibilityGlobals) = postSolution
		SolutionGuid = {8FD26C04-6CB9-4974-9271-2EA04BCA1C00}
	EndGlobalSection
EndGlobal
